
Microsoft Visual Studio Solution File, Format Version 12.00
# Visual Studio Version 17
VisualStudioVersion = 17.0.31903.59
MinimumVisualStudioVersion = 10.0.40219.1
Project("{FAE04EC0-301F-11D3-BF4B-00C04F79EFBC}") = "grokking", "grokking.csproj", "{DAD18E4A-DC55-41A1-A714-A9FE55DD64AB}"
EndProject
Global
	GlobalSection(SolutionConfigurationPlatforms) = preSolution
		Debug|Any CPU = Debug|Any CPU
		Release|Any CPU = Release|Any CPU
	EndGlobalSection
	GlobalSection(SolutionProperties) = preSolution
		HideSolutionNode = FALSE
	EndGlobalSection
	GlobalSection(ProjectConfigurationPlatforms) = postSolution
		{DAD18E4A-DC55-41A1-A714-A9FE55DD64AB}.Debug|Any CPU.ActiveCfg = Debug|Any CPU
		{DAD18E4A-DC55-41A1-A714-A9FE55DD64AB}.Debug|Any CPU.Build.0 = Debug|Any CPU
		{DAD18E4A-DC55-41A1-A714-A9FE55DD64AB}.Release|Any CPU.ActiveCfg = Release|Any CPU
		{DAD18E4A-DC55-41A1-A714-A9FE55DD64AB}.Release|Any CPU.Build.0 = Release|Any CPU
	EndGlobalSection
EndGlobal
